// !$*UTF8*$!
{
	archiveVersion = 1;
	classes = {
	};
	objectVersion = 77;
	objects = {

/* Begin PBXContainerItemProxy section */
		90A06C4C2CAB574F0013D390 /* PBXContainerItemProxy */ = {
			isa = PBXContainerItemProxy;
			containerPortal = 90A06C332CAB574D0013D390 /* Project object */;
			proxyType = 1;
			remoteGlobalIDString = 90A06C3A2CAB574D0013D390;
			remoteInfo = WeatherAdvice;
		};
		90A06C562CAB574F0013D390 /* PBXContainerItemProxy */ = {
			isa = PBXContainerItemProxy;
			containerPortal = 90A06C332CAB574D0013D390 /* Project object */;
			proxyType = 1;
			remoteGlobalIDString = 90A06C3A2CAB574D0013D390;
			remoteInfo = WeatherAdvice;
		};
/* End PBXContainerItemProxy section */

/* Begin PBXFileReference section */
		90A06C3B2CAB574D0013D390 /* WeatherAdvice.app */ = {isa = PBXFileReference; explicitFileType = wrapper.application; includeInIndex = 0; path = WeatherAdvice.app; sourceTree = BUILT_PRODUCTS_DIR; };
		90A06C4B2CAB574F0013D390 /* WeatherAdviceTests.xctest */ = {isa = PBXFileReference; explicitFileType = wrapper.cfbundle; includeInIndex = 0; path = WeatherAdviceTests.xctest; sourceTree = BUILT_PRODUCTS_DIR; };
		90A06C552CAB574F0013D390 /* WeatherAdviceUITests.xctest */ = {isa = PBXFileReference; explicitFileType = wrapper.cfbundle; includeInIndex = 0; path = WeatherAdviceUITests.xctest; sourceTree = BUILT_PRODUCTS_DIR; };
/* End PBXFileReference section */

/* Begin PBXFileSystemSynchronizedRootGroup section */
		90A06C3D2CAB574D0013D390 /* WeatherAdvice */ = {
			isa = PBXFileSystemSynchronizedRootGroup;
			path = WeatherAdvice;
			sourceTree = "<group>";
		};
		90A06C4E2CAB574F0013D390 /* WeatherAdviceTests */ = {
			isa = PBXFileSystemSynchronizedRootGroup;
			path = WeatherAdviceTests;
			sourceTree = "<group>";
		};
		90A06C582CAB574F0013D390 /* WeatherAdviceUITests */ = {
			isa = PBXFileSystemSynchronizedRootGroup;
			path = WeatherAdviceUITests;
			sourceTree = "<group>";
		};
/* End PBXFileSystemSynchronizedRootGroup section */

/* Begin PBXFrameworksBuildPhase section */
		90A06C382CAB574D0013D390 /* Frameworks */ = {
			isa = PBXFrameworksBuildPhase;
			buildActionMask = 2147483647;
			files = (
			);
			runOnlyForDeploymentPostprocessing = 0;
		};
		90A06C482CAB574F0013D390 /* Frameworks */ = {
			isa = PBXFrameworksBuildPhase;
			buildActionMask = 2147483647;
			files = (
			);
			runOnlyForDeploymentPostprocessing = 0;
		};
		90A06C522CAB574F0013D390 /* Frameworks */ = {
			isa = PBXFrameworksBuildPhase;
			buildActionMask = 2147483647;
			files = (
			);
			runOnlyForDeploymentPostprocessing = 0;
		};
/* End PBXFrameworksBuildPhase section */

/* Begin PBXGroup section */
		90A06C322CAB574D0013D390 = {
			isa = PBXGroup;
			children = (
				90A06C3D2CAB574D0013D390 /* WeatherAdvice */,
				90A06C4E2CAB574F0013D390 /* WeatherAdviceTests */,
				90A06C582CAB574F0013D390 /* WeatherAdviceUITests */,
				90A06C3C2CAB574D0013D390 /* Products */,
			);
			sourceTree = "<group>";
		};
		90A06C3C2CAB574D0013D390 /* Products */ = {
			isa = PBXGroup;
			children = (
				90A06C3B2CAB574D0013D390 /* WeatherAdvice.app */,
				90A06C4B2CAB574F0013D390 /* WeatherAdviceTests.xctest */,
				90A06C552CAB574F0013D390 /* WeatherAdviceUITests.xctest */,
			);
			name = Products;
			sourceTree = "<group>";
		};
/* End PBXGroup section */

/* Begin PBXNativeTarget section */
		90A06C3A2CAB574D0013D390 /* WeatherAdvice */ = {
			isa = PBXNativeTarget;
			buildConfigurationList = 90A06C5F2CAB574F0013D390 /* Build configuration list for PBXNativeTarget "WeatherAdvice" */;
			buildPhases = (
				90A06C372CAB574D0013D390 /* Sources */,
				90A06C382CAB574D0013D390 /* Frameworks */,
				90A06C392CAB574D0013D390 /* Resources */,
			);
			buildRules = (
			);
			dependencies = (
			);
			fileSystemSynchronizedGroups = (
				90A06C3D2CAB574D0013D390 /* WeatherAdvice */,
			);
			name = WeatherAdvice;
			packageProductDependencies = (
			);
			productName = WeatherAdvice;
			productReference = 90A06C3B2CAB574D0013D390 /* WeatherAdvice.app */;
			productType = "com.apple.product-type.application";
		};
		90A06C4A2CAB574F0013D390 /* WeatherAdviceTests */ = {
			isa = PBXNativeTarget;
			buildConfigurationList = 90A06C622CAB574F0013D390 /* Build configuration list for PBXNativeTarget "WeatherAdviceTests" */;
			buildPhases = (
				90A06C472CAB574F0013D390 /* Sources */,
				90A06C482CAB574F0013D390 /* Frameworks */,
				90A06C492CAB574F0013D390 /* Resources */,
			);
			buildRules = (
			);
			dependencies = (
				90A06C4D2CAB574F0013D390 /* PBXTargetDependency */,
			);
			fileSystemSynchronizedGroups = (
				90A06C4E2CAB574F0013D390 /* WeatherAdviceTests */,
			);
			name = WeatherAdviceTests;
			packageProductDependencies = (
			);
			productName = WeatherAdviceTests;
			productReference = 90A06C4B2CAB574F0013D390 /* WeatherAdviceTests.xctest */;
			productType = "com.apple.product-type.bundle.unit-test";
		};
		90A06C542CAB574F0013D390 /* WeatherAdviceUITests */ = {
			isa = PBXNativeTarget;
			buildConfigurationList = 90A06C652CAB574F0013D390 /* Build configuration list for PBXNativeTarget "WeatherAdviceUITests" */;
			buildPhases = (
				90A06C512CAB574F0013D390 /* Sources */,
				90A06C522CAB574F0013D390 /* Frameworks */,
				90A06C532CAB574F0013D390 /* Resources */,
			);
			buildRules = (
			);
			dependencies = (
				90A06C572CAB574F0013D390 /* PBXTargetDependency */,
			);
			fileSystemSynchronizedGroups = (
				90A06C582CAB574F0013D390 /* WeatherAdviceUITests */,
			);
			name = WeatherAdviceUITests;
			packageProductDependencies = (
			);
			productName = WeatherAdviceUITests;
			productReference = 90A06C552CAB574F0013D390 /* WeatherAdviceUITests.xctest */;
			productType = "com.apple.product-type.bundle.ui-testing";
		};
/* End PBXNativeTarget section */

/* Begin PBXProject section */
		90A06C332CAB574D0013D390 /* Project object */ = {
			isa = PBXProject;
			attributes = {
				BuildIndependentTargetsInParallel = 1;
				LastSwiftUpdateCheck = 1600;
				LastUpgradeCheck = 1600;
				TargetAttributes = {
					90A06C3A2CAB574D0013D390 = {
						CreatedOnToolsVersion = 16.0;
					};
					90A06C4A2CAB574F0013D390 = {
						CreatedOnToolsVersion = 16.0;
						TestTargetID = 90A06C3A2CAB574D0013D390;
					};
					90A06C542CAB574F0013D390 = {
						CreatedOnToolsVersion = 16.0;
						TestTargetID = 90A06C3A2CAB574D0013D390;
					};
				};
			};
			buildConfigurationList = 90A06C362CAB574D0013D390 /* Build configuration list for PBXProject "WeatherAdvice" */;
			developmentRegion = en;
			hasScannedForEncodings = 0;
			knownRegions = (
				en,
				Base,
			);
			mainGroup = 90A06C322CAB574D0013D390;
			minimizedProjectReferenceProxies = 1;
			preferredProjectObjectVersion = 77;
			productRefGroup = 90A06C3C2CAB574D0013D390 /* Products */;
			projectDirPath = "";
			projectRoot = "";
			targets = (
				90A06C3A2CAB574D0013D390 /* WeatherAdvice */,
				90A06C4A2CAB574F0013D390 /* WeatherAdviceTests */,
				90A06C542CAB574F0013D390 /* WeatherAdviceUITests */,
			);
		};
/* End PBXProject section */

/* Begin PBXResourcesBuildPhase section */
		90A06C392CAB574D0013D390 /* Resources */ = {
			isa = PBXResourcesBuildPhase;
			buildActionMask = 2147483647;
			files = (
			);
			runOnlyForDeploymentPostprocessing = 0;
		};
		90A06C492CAB574F0013D390 /* Resources */ = {
			isa = PBXResourcesBuildPhase;
			buildActionMask = 2147483647;
			files = (
			);
			runOnlyForDeploymentPostprocessing = 0;
		};
		90A06C532CAB574F0013D390 /* Resources */ = {
			isa = PBXResourcesBuildPhase;
			buildActionMask = 2147483647;
			files = (
			);
			runOnlyForDeploymentPostprocessing = 0;
		};
/* End PBXResourcesBuildPhase section */

/* Begin PBXSourcesBuildPhase section */
		90A06C372CAB574D0013D390 /* Sources */ = {
			isa = PBXSourcesBuildPhase;
			buildActionMask = 2147483647;
			files = (
			);
			runOnlyForDeploymentPostprocessing = 0;
		};
		90A06C472CAB574F0013D390 /* Sources */ = {
			isa = PBXSourcesBuildPhase;
			buildActionMask = 2147483647;
			files = (
			);
			runOnlyForDeploymentPostprocessing = 0;
		};
		90A06C512CAB574F0013D390 /* Sources */ = {
			isa = PBXSourcesBuildPhase;
			buildActionMask = 2147483647;
			files = (
			);
			runOnlyForDeploymentPostprocessing = 0;
		};
/* End PBXSourcesBuildPhase section */

/* Begin PBXTargetDependency section */
		90A06C4D2CAB574F0013D390 /* PBXTargetDependency */ = {
			isa = PBXTargetDependency;
			target = 90A06C3A2CAB574D0013D390 /* WeatherAdvice */;
			targetProxy = 90A06C4C2CAB574F0013D390 /* PBXContainerItemProxy */;
		};
		90A06C572CAB574F0013D390 /* PBXTargetDependency */ = {
			isa = PBXTargetDependency;
			target = 90A06C3A2CAB574D0013D390 /* WeatherAdvice */;
			targetProxy = 90A06C562CAB574F0013D390 /* PBXContainerItemProxy */;
		};
/* End PBXTargetDependency section */

/* Begin XCBuildConfiguration section */
		90A06C5D2CAB574F0013D390 /* Debug */ = {
			isa = XCBuildConfiguration;
			buildSettings = {
				ALWAYS_SEARCH_USER_PATHS = NO;
				ASSETCATALOG_COMPILER_GENERATE_SWIFT_ASSET_SYMBOL_EXTENSIONS = YES;
				CLANG_ANALYZER_NONNULL = YES;
				CLANG_ANALYZER_NUMBER_OBJECT_CONVERSION = YES_AGGRESSIVE;
				CLANG_CXX_LANGUAGE_STANDARD = "gnu++20";
				CLANG_ENABLE_MODULES = YES;
				CLANG_ENABLE_OBJC_ARC = YES;
				CLANG_ENABLE_OBJC_WEAK = YES;
				CLANG_WARN_BLOCK_CAPTURE_AUTORELEASING = YES;
				CLANG_WARN_BOOL_CONVERSION = YES;
				CLANG_WARN_COMMA = YES;
				CLANG_WARN_CONSTANT_CONVERSION = YES;
				CLANG_WARN_DEPRECATED_OBJC_IMPLEMENTATIONS = YES;
				CLANG_WARN_DIRECT_OBJC_ISA_USAGE = YES_ERROR;
				CLANG_WARN_DOCUMENTATION_COMMENTS = YES;
				CLANG_WARN_EMPTY_BODY = YES;
				CLANG_WARN_ENUM_CONVERSION = YES;
				CLANG_WARN_INFINITE_RECURSION = YES;
				CLANG_WARN_INT_CONVERSION = YES;
				CLANG_WARN_NON_LITERAL_NULL_CONVERSION = YES;
				CLANG_WARN_OBJC_IMPLICIT_RETAIN_SELF = YES;
				CLANG_WARN_OBJC_LITERAL_CONVERSION = YES;
				CLANG_WARN_OBJC_ROOT_CLASS = YES_ERROR;
				CLANG_WARN_QUOTED_INCLUDE_IN_FRAMEWORK_HEADER = YES;
				CLANG_WARN_RANGE_LOOP_ANALYSIS = YES;
				CLANG_WARN_STRICT_PROTOTYPES = YES;
				CLANG_WARN_SUSPICIOUS_MOVE = YES;
				CLANG_WARN_UNGUARDED_AVAILABILITY = YES_AGGRESSIVE;
				CLANG_WARN_UNREACHABLE_CODE = YES;
				CLANG_WARN__DUPLICATE_METHOD_MATCH = YES;
				COPY_PHASE_STRIP = NO;
				DEBUG_INFORMATION_FORMAT = dwarf;
				ENABLE_STRICT_OBJC_MSGSEND = YES;
				ENABLE_TESTABILITY = YES;
				ENABLE_USER_SCRIPT_SANDBOXING = YES;
				GCC_C_LANGUAGE_STANDARD = gnu17;
				GCC_DYNAMIC_NO_PIC = NO;
				GCC_NO_COMMON_BLOCKS = YES;
				GCC_OPTIMIZATION_LEVEL = 0;
				GCC_PREPROCESSOR_DEFINITIONS = (
					"DEBUG=1",
					"$(inherited)",
				);
				GCC_WARN_64_TO_32_BIT_CONVERSION = YES;
				GCC_WARN_ABOUT_RETURN_TYPE = YES_ERROR;
				GCC_WARN_UNDECLARED_SELECTOR = YES;
				GCC_WARN_UNINITIALIZED_AUTOS = YES_AGGRESSIVE;
				GCC_WARN_UNUSED_FUNCTION = YES;
				GCC_WARN_UNUSED_VARIABLE = YES;
				IPHONEOS_DEPLOYMENT_TARGET = 18.0;
				LOCALIZATION_PREFERS_STRING_CATALOGS = YES;
				MTL_ENABLE_DEBUG_INFO = INCLUDE_SOURCE;
				MTL_FAST_MATH = YES;
				ONLY_ACTIVE_ARCH = YES;
				SDKROOT = iphoneos;
				SWIFT_ACTIVE_COMPILATION_CONDITIONS = "DEBUG $(inherited)";
				SWIFT_OPTIMIZATION_LEVEL = "-Onone";
			};
			name = Debug;
		};
		90A06C5E2CAB574F0013D390 /* Release */ = {
			isa = XCBuildConfiguration;
			buildSettings = {
				ALWAYS_SEARCH_USER_PATHS = NO;
				ASSETCATALOG_COMPILER_GENERATE_SWIFT_ASSET_SYMBOL_EXTENSIONS = YES;
				CLANG_ANALYZER_NONNULL = YES;
				CLANG_ANALYZER_NUMBER_OBJECT_CONVERSION = YES_AGGRESSIVE;
				CLANG_CXX_LANGUAGE_STANDARD = "gnu++20";
				CLANG_ENABLE_MODULES = YES;
				CLANG_ENABLE_OBJC_ARC = YES;
				CLANG_ENABLE_OBJC_WEAK = YES;
				CLANG_WARN_BLOCK_CAPTURE_AUTORELEASING = YES;
				CLANG_WARN_BOOL_CONVERSION = YES;
				CLANG_WARN_COMMA = YES;
				CLANG_WARN_CONSTANT_CONVERSION = YES;
				CLANG_WARN_DEPRECATED_OBJC_IMPLEMENTATIONS = YES;
				CLANG_WARN_DIRECT_OBJC_ISA_USAGE = YES_ERROR;
				CLANG_WARN_DOCUMENTATION_COMMENTS = YES;
				CLANG_WARN_EMPTY_BODY = YES;
				CLANG_WARN_ENUM_CONVERSION = YES;
				CLANG_WARN_INFINITE_RECURSION = YES;
				CLANG_WARN_INT_CONVERSION = YES;
				CLANG_WARN_NON_LITERAL_NULL_CONVERSION = YES;
				CLANG_WARN_OBJC_IMPLICIT_RETAIN_SELF = YES;
				CLANG_WARN_OBJC_LITERAL_CONVERSION = YES;
				CLANG_WARN_OBJC_ROOT_CLASS = YES_ERROR;
				CLANG_WARN_QUOTED_INCLUDE_IN_FRAMEWORK_HEADER = YES;
				CLANG_WARN_RANGE_LOOP_ANALYSIS = YES;
				CLANG_WARN_STRICT_PROTOTYPES = YES;
				CLANG_WARN_SUSPICIOUS_MOVE = YES;
				CLANG_WARN_UNGUARDED_AVAILABILITY = YES_AGGRESSIVE;
				CLANG_WARN_UNREACHABLE_CODE = YES;
				CLANG_WARN__DUPLICATE_METHOD_MATCH = YES;
				COPY_PHASE_STRIP = NO;
				DEBUG_INFORMATION_FORMAT = "dwarf-with-dsym";
				ENABLE_NS_ASSERTIONS = NO;
				ENABLE_STRICT_OBJC_MSGSEND = YES;
				ENABLE_USER_SCRIPT_SANDBOXING = YES;
				GCC_C_LANGUAGE_STANDARD = gnu17;
				GCC_NO_COMMON_BLOCKS = YES;
				GCC_WARN_64_TO_32_BIT_CONVERSION = YES;
				GCC_WARN_ABOUT_RETURN_TYPE = YES_ERROR;
				GCC_WARN_UNDECLARED_SELECTOR = YES;
				GCC_WARN_UNINITIALIZED_AUTOS = YES_AGGRESSIVE;
				GCC_WARN_UNUSED_FUNCTION = YES;
				GCC_WARN_UNUSED_VARIABLE = YES;
				IPHONEOS_DEPLOYMENT_TARGET = 18.0;
				LOCALIZATION_PREFERS_STRING_CATALOGS = YES;
				MTL_ENABLE_DEBUG_INFO = NO;
				MTL_FAST_MATH = YES;
				SDKROOT = iphoneos;
				SWIFT_COMPILATION_MODE = wholemodule;
				VALIDATE_PRODUCT = YES;
			};
			name = Release;
		};
		90A06C602CAB574F0013D390 /* Debug */ = {
			isa = XCBuildConfiguration;
			buildSettings = {
				ASSETCATALOG_COMPILER_APPICON_NAME = AppIcon;
				ASSETCATALOG_COMPILER_GLOBAL_ACCENT_COLOR_NAME = AccentColor;
				CODE_SIGN_STYLE = Automatic;
				CURRENT_PROJECT_VERSION = 1;
				DEVELOPMENT_ASSET_PATHS = "\"WeatherAdvice/Preview Content\"";
				DEVELOPMENT_TEAM = JM89T8TWA2;
				ENABLE_PREVIEWS = YES;
				GENERATE_INFOPLIST_FILE = YES;
				INFOPLIST_KEY_CFBundleDisplayName = "Weather Advice";
				INFOPLIST_KEY_UIApplicationSceneManifest_Generation = YES;
				INFOPLIST_KEY_UIApplicationSupportsIndirectInputEvents = YES;
				INFOPLIST_KEY_UILaunchScreen_Generation = YES;
				INFOPLIST_KEY_UISupportedInterfaceOrientations_iPad = "UIInterfaceOrientationPortrait UIInterfaceOrientationPortraitUpsideDown UIInterfaceOrientationLandscapeLeft UIInterfaceOrientationLandscapeRight";
				INFOPLIST_KEY_UISupportedInterfaceOrientations_iPhone = "UIInterfaceOrientationPortrait UIInterfaceOrientationLandscapeLeft UIInterfaceOrientationLandscapeRight";
				LD_RUNPATH_SEARCH_PATHS = (
					"$(inherited)",
					"@executable_path/Frameworks",
				);
				MARKETING_VERSION = 1.0;
				PRODUCT_BUNDLE_IDENTIFIER = com.hong.WeatherAdvice;
				PRODUCT_NAME = "$(TARGET_NAME)";
				SWIFT_EMIT_LOC_STRINGS = YES;
				SWIFT_VERSION = 5.0;
				TARGETED_DEVICE_FAMILY = "1,2";
			};
			name = Debug;
		};
		90A06C612CAB574F0013D390 /* Release */ = {
			isa = XCBuildConfiguration;
			buildSettings = {
				ASSETCATALOG_COMPILER_APPICON_NAME = AppIcon;
				ASSETCATALOG_COMPILER_GLOBAL_ACCENT_COLOR_NAME = AccentColor;
				CODE_SIGN_STYLE = Automatic;
				CURRENT_PROJECT_VERSION = 1;
				DEVELOPMENT_ASSET_PATHS = "\"WeatherAdvice/Preview Content\"";
				DEVELOPMENT_TEAM = JM89T8TWA2;
				ENABLE_PREVIEWS = YES;
				GENERATE_INFOPLIST_FILE = YES;
				INFOPLIST_KEY_CFBundleDisplayName = "Weather Advice";
				INFOPLIST_KEY_UIApplicationSceneManifest_Generation = YES;
				INFOPLIST_KEY_UIApplicationSupportsIndirectInputEvents = YES;
				INFOPLIST_KEY_UILaunchScreen_Generation = YES;
				INFOPLIST_KEY_UISupportedInterfaceOrientations_iPad = "UIInterfaceOrientationPortrait UIInterfaceOrientationPortraitUpsideDown UIInterfaceOrientationLandscapeLeft UIInterfaceOrientationLandscapeRight";
				INFOPLIST_KEY_UISupportedInterfaceOrientations_iPhone = "UIInterfaceOrientationPortrait UIInterfaceOrientationLandscapeLeft UIInterfaceOrientationLandscapeRight";
				LD_RUNPATH_SEARCH_PATHS = (
					"$(inherited)",
					"@executable_path/Frameworks",
				);
				MARKETING_VERSION = 1.0;
				PRODUCT_BUNDLE_IDENTIFIER = com.hong.WeatherAdvice;
				PRODUCT_NAME = "$(TARGET_NAME)";
				SWIFT_EMIT_LOC_STRINGS = YES;
				SWIFT_VERSION = 5.0;
				TARGETED_DEVICE_FAMILY = "1,2";
			};
			name = Release;
		};
		90A06C632CAB574F0013D390 /* Debug */ = {
			isa = XCBuildConfiguration;
			buildSettings = {
				BUNDLE_LOADER = "$(TEST_HOST)";
				CODE_SIGN_STYLE = Automatic;
				CURRENT_PROJECT_VERSION = 1;
				DEVELOPMENT_TEAM = JM89T8TWA2;
				GENERATE_INFOPLIST_FILE = YES;
				IPHONEOS_DEPLOYMENT_TARGET = 18.0;
				MARKETING_VERSION = 1.0;
				PRODUCT_BUNDLE_IDENTIFIER = com.hong.WeatherAdviceTests;
				PRODUCT_NAME = "$(TARGET_NAME)";
				SWIFT_EMIT_LOC_STRINGS = NO;
				SWIFT_VERSION = 5.0;
				TARGETED_DEVICE_FAMILY = "1,2";
				TEST_HOST = "$(BUILT_PRODUCTS_DIR)/WeatherAdvice.app/$(BUNDLE_EXECUTABLE_FOLDER_PATH)/WeatherAdvice";
			};
			name = Debug;
		};
		90A06C642CAB574F0013D390 /* Release */ = {
			isa = XCBuildConfiguration;
			buildSettings = {
				BUNDLE_LOADER = "$(TEST_HOST)";
				CODE_SIGN_STYLE = Automatic;
				CURRENT_PROJECT_VERSION = 1;
				DEVELOPMENT_TEAM = JM89T8TWA2;
				GENERATE_INFOPLIST_FILE = YES;
				IPHONEOS_DEPLOYMENT_TARGET = 18.0;
				MARKETING_VERSION = 1.0;
				PRODUCT_BUNDLE_IDENTIFIER = com.hong.WeatherAdviceTests;
				PRODUCT_NAME = "$(TARGET_NAME)";
				SWIFT_EMIT_LOC_STRINGS = NO;
				SWIFT_VERSION = 5.0;
				TARGETED_DEVICE_FAMILY = "1,2";
				TEST_HOST = "$(BUILT_PRODUCTS_DIR)/WeatherAdvice.app/$(BUNDLE_EXECUTABLE_FOLDER_PATH)/WeatherAdvice";
			};
			name = Release;
		};
		90A06C662CAB574F0013D390 /* Debug */ = {
			isa = XCBuildConfiguration;
			buildSettings = {
				CODE_SIGN_STYLE = Automatic;
				CURRENT_PROJECT_VERSION = 1;
				DEVELOPMENT_TEAM = JM89T8TWA2;
				GENERATE_INFOPLIST_FILE = YES;
				MARKETING_VERSION = 1.0;
				PRODUCT_BUNDLE_IDENTIFIER = com.hong.WeatherAdviceUITests;
				PRODUCT_NAME = "$(TARGET_NAME)";
				SWIFT_EMIT_LOC_STRINGS = NO;
				SWIFT_VERSION = 5.0;
				TARGETED_DEVICE_FAMILY = "1,2";
				TEST_TARGET_NAME = WeatherAdvice;
			};
			name = Debug;
		};
		90A06C672CAB574F0013D390 /* Release */ = {
			isa = XCBuildConfiguration;
			buildSettings = {
				CODE_SIGN_STYLE = Automatic;
				CURRENT_PROJECT_VERSION = 1;
				DEVELOPMENT_TEAM = JM89T8TWA2;
				GENERATE_INFOPLIST_FILE = YES;
				MARKETING_VERSION = 1.0;
				PRODUCT_BUNDLE_IDENTIFIER = com.hong.WeatherAdviceUITests;
				PRODUCT_NAME = "$(TARGET_NAME)";
				SWIFT_EMIT_LOC_STRINGS = NO;
				SWIFT_VERSION = 5.0;
				TARGETED_DEVICE_FAMILY = "1,2";
				TEST_TARGET_NAME = WeatherAdvice;
			};
			name = Release;
		};
/* End XCBuildConfiguration section */

/* Begin XCConfigurationList section */
		90A06C362CAB574D0013D390 /* Build configuration list for PBXProject "WeatherAdvice" */ = {
			isa = XCConfigurationList;
			buildConfigurations = (
				90A06C5D2CAB574F0013D390 /* Debug */,
				90A06C5E2CAB574F0013D390 /* Release */,
			);
			defaultConfigurationIsVisible = 0;
			defaultConfigurationName = Release;
		};
		90A06C5F2CAB574F0013D390 /* Build configuration list for PBXNativeTarget "WeatherAdvice" */ = {
			isa = XCConfigurationList;
			buildConfigurations = (
				90A06C602CAB574F0013D390 /* Debug */,
				90A06C612CAB574F0013D390 /* Release */,
			);
			defaultConfigurationIsVisible = 0;
			defaultConfigurationName = Release;
		};
		90A06C622CAB574F0013D390 /* Build configuration list for PBXNativeTarget "WeatherAdviceTests" */ = {
			isa = XCConfigurationList;
			buildConfigurations = (
				90A06C632CAB574F0013D390 /* Debug */,
				90A06C642CAB574F0013D390 /* Release */,
			);
			defaultConfigurationIsVisible = 0;
			defaultConfigurationName = Release;
		};
		90A06C652CAB574F0013D390 /* Build configuration list for PBXNativeTarget "WeatherAdviceUITests" */ = {
			isa = XCConfigurationList;
			buildConfigurations = (
				90A06C662CAB574F0013D390 /* Debug */,
				90A06C672CAB574F0013D390 /* Release */,
			);
			defaultConfigurationIsVisible = 0;
			defaultConfigurationName = Release;
		};
/* End XCConfigurationList section */
	};
	rootObject = 90A06C332CAB574D0013D390 /* Project object */;
}
